{
    "name": "生成二维码。传入链接，即可使用，可快速扫出链接",
    "version": "1.0.7",
    "lockfileVersion": 2,
    "requires": true,
    "packages": {
        "": {
            "name": "生成二维码。传入链接，即可使用，可快速扫出链接",
            "version": "1.0.7",
            "dependencies": {
                "qrious": "^4.0.2"
            }
        },
        "node_modules/qrious": {
            "version": "4.0.2",
            "resolved": "https://mirrors.cloud.tencent.com/npm/qrious/-/qrious-4.0.2.tgz",
            "integrity": "sha512-xWPJIrK1zu5Ypn898fBp8RHkT/9ibquV2Kv24S/JY9VYEhMBMKur1gHVsOiNUh7PHP9uCgejjpZUHUIXXKoU/g==",
            "license": "GPL-3.0"
        }
    },
    "dependencies": {
        "qrious": {
            "version": "4.0.2",
            "resolved": "https://mirrors.cloud.tencent.com/npm/qrious/-/qrious-4.0.2.tgz",
            "integrity": "sha512-xWPJIrK1zu5Ypn898fBp8RHkT/9ibquV2Kv24S/JY9VYEhMBMKur1gHVsOiNUh7PHP9uCgejjpZUHUIXXKoU/g=="
        }
    }
}
